// !$*UTF8*$!
{
	archiveVersion = 1;
	classes = {
	};
	objectVersion = 50;
	objects = {

/* Begin PBXBuildFile section */
		279D1B4D239980F80071F686 /* AppDelegate.m in Sources */ = {isa = PBXBuildFile; fileRef = 279D1B4C239980F80071F686 /* AppDelegate.m */; };
		279D1B50239980F80071F686 /* SceneDelegate.m in Sources */ = {isa = PBXBuildFile; fileRef = 279D1B4F239980F80071F686 /* SceneDelegate.m */; };
		279D1B56239980F80071F686 /* Main.storyboard in Resources */ = {isa = PBXBuildFile; fileRef = 279D1B54239980F80071F686 /* Main.storyboard */; };
		279D1B58239980F90071F686 /* Assets.xcassets in Resources */ = {isa = PBXBuildFile; fileRef = 279D1B57239980F90071F686 /* Assets.xcassets */; };
		279D1B5B239980F90071F686 /* LaunchScreen.storyboard in Resources */ = {isa = PBXBuildFile; fileRef = 279D1B59239980F90071F686 /* LaunchScreen.storyboard */; };
		279D1B5E239980F90071F686 /* main.m in Sources */ = {isa = PBXBuildFile; fileRef = 279D1B5D239980F90071F686 /* main.m */; };
		279D1B6A2399814A0071F686 /* KPJCountry.m in Sources */ = {isa = PBXBuildFile; fileRef = 279D1B692399814A0071F686 /* KPJCountry.m */; };
		279D1B6D239982250071F686 /* KPJCountryController.m in Sources */ = {isa = PBXBuildFile; fileRef = 279D1B6C239982250071F686 /* KPJCountryController.m */; };
		279D1B71239985560071F686 /* CountryTableViewController.swift in Sources */ = {isa = PBXBuildFile; fileRef = 279D1B70239985560071F686 /* CountryTableViewController.swift */; };
/* End PBXBuildFile section */

/* Begin PBXFileReference section */
		279D1B48239980F80071F686 /* CountriesAndCapitalsObjC.app */ = {isa = PBXFileReference; explicitFileType = wrapper.application; includeInIndex = 0; path = CountriesAndCapitalsObjC.app; sourceTree = BUILT_PRODUCTS_DIR; };
		279D1B4B239980F80071F686 /* AppDelegate.h */ = {isa = PBXFileReference; lastKnownFileType = sourcecode.c.h; path = AppDelegate.h; sourceTree = "<group>"; };
		279D1B4C239980F80071F686 /* AppDelegate.m */ = {isa = PBXFileReference; lastKnownFileType = sourcecode.c.objc; path = AppDelegate.m; sourceTree = "<group>"; };
		279D1B4E239980F80071F686 /* SceneDelegate.h */ = {isa = PBXFileReference; lastKnownFileType = sourcecode.c.h; path = SceneDelegate.h; sourceTree = "<group>"; };
		279D1B4F239980F80071F686 /* SceneDelegate.m */ = {isa = PBXFileReference; lastKnownFileType = sourcecode.c.objc; path = SceneDelegate.m; sourceTree = "<group>"; };
		279D1B55239980F80071F686 /* Base */ = {isa = PBXFileReference; lastKnownFileType = file.storyboard; name = Base; path = Base.lproj/Main.storyboard; sourceTree = "<group>"; };
		279D1B57239980F90071F686 /* Assets.xcassets */ = {isa = PBXFileReference; lastKnownFileType = folder.assetcatalog; path = Assets.xcassets; sourceTree = "<group>"; };
		279D1B5A239980F90071F686 /* Base */ = {isa = PBXFileReference; lastKnownFileType = file.storyboard; name = Base; path = Base.lproj/LaunchScreen.storyboard; sourceTree = "<group>"; };
		279D1B5C239980F90071F686 /* Info.plist */ = {isa = PBXFileReference; lastKnownFileType = text.plist.xml; path = Info.plist; sourceTree = "<group>"; };
		279D1B5D239980F90071F686 /* main.m */ = {isa = PBXFileReference; lastKnownFileType = sourcecode.c.objc; path = main.m; sourceTree = "<group>"; };
		279D1B682399814A0071F686 /* KPJCountry.h */ = {isa = PBXFileReference; lastKnownFileType = sourcecode.c.h; path = KPJCountry.h; sourceTree = "<group>"; };
		279D1B692399814A0071F686 /* KPJCountry.m */ = {isa = PBXFileReference; lastKnownFileType = sourcecode.c.objc; path = KPJCountry.m; sourceTree = "<group>"; };
		279D1B6B239982250071F686 /* KPJCountryController.h */ = {isa = PBXFileReference; lastKnownFileType = sourcecode.c.h; path = KPJCountryController.h; sourceTree = "<group>"; };
		279D1B6C239982250071F686 /* KPJCountryController.m */ = {isa = PBXFileReference; lastKnownFileType = sourcecode.c.objc; path = KPJCountryController.m; sourceTree = "<group>"; };
		279D1B6F239985550071F686 /* CountriesAndCapitalsObjC-Bridging-Header.h */ = {isa = PBXFileReference; lastKnownFileType = sourcecode.c.h; path = "CountriesAndCapitalsObjC-Bridging-Header.h"; sourceTree = "<group>"; };
		279D1B70239985560071F686 /* CountryTableViewController.swift */ = {isa = PBXFileReference; lastKnownFileType = sourcecode.swift; path = CountryTableViewController.swift; sourceTree = "<group>"; };
/* End PBXFileReference section */

/* Begin PBXFrameworksBuildPhase section */
		279D1B45239980F80071F686 /* Frameworks */ = {
			isa = PBXFrameworksBuildPhase;
			buildActionMask = 2147483647;
			files = (
			);
			runOnlyForDeploymentPostprocessing = 0;
		};
/* End PBXFrameworksBuildPhase section */

/* Begin PBXGroup section */
		279D1B3F239980F80071F686 = {
			isa = PBXGroup;
			children = (
				279D1B4A239980F80071F686 /* CountriesAndCapitalsObjC */,
				279D1B49239980F80071F686 /* Products */,
			);
			sourceTree = "<group>";
		};
		279D1B49239980F80071F686 /* Products */ = {
			isa = PBXGroup;
			children = (
				279D1B48239980F80071F686 /* CountriesAndCapitalsObjC.app */,
			);
			name = Products;
			sourceTree = "<group>";
		};
		279D1B4A239980F80071F686 /* CountriesAndCapitalsObjC */ = {
			isa = PBXGroup;
			children = (
				279D1B67239981350071F686 /* View Controller */,
				279D1B66239981300071F686 /* Model Controller */,
				279D1B652399812B0071F686 /* Model */,
				279D1B64239981120071F686 /* Resources */,
				279D1B54239980F80071F686 /* Main.storyboard */,
			);
			path = CountriesAndCapitalsObjC;
			sourceTree = "<group>";
		};
		279D1B64239981120071F686 /* Resources */ = {
			isa = PBXGroup;
			children = (
				279D1B4B239980F80071F686 /* AppDelegate.h */,
				279D1B4C239980F80071F686 /* AppDelegate.m */,
				279D1B4E239980F80071F686 /* SceneDelegate.h */,
				279D1B4F239980F80071F686 /* SceneDelegate.m */,
				279D1B57239980F90071F686 /* Assets.xcassets */,
				279D1B59239980F90071F686 /* LaunchScreen.storyboard */,
				279D1B5C239980F90071F686 /* Info.plist */,
				279D1B5D239980F90071F686 /* main.m */,
			);
			path = Resources;
			sourceTree = "<group>";
		};
		279D1B652399812B0071F686 /* Model */ = {
			isa = PBXGroup;
			children = (
				279D1B682399814A0071F686 /* KPJCountry.h */,
				279D1B692399814A0071F686 /* KPJCountry.m */,
			);
			path = Model;
			sourceTree = "<group>";
		};
		279D1B66239981300071F686 /* Model Controller */ = {
			isa = PBXGroup;
			children = (
				279D1B6B239982250071F686 /* KPJCountryController.h */,
				279D1B6C239982250071F686 /* KPJCountryController.m */,
			);
			path = "Model Controller";
			sourceTree = "<group>";
		};
		279D1B67239981350071F686 /* View Controller */ = {
			isa = PBXGroup;
			children = (
				279D1B70239985560071F686 /* CountryTableViewController.swift */,
				279D1B6F239985550071F686 /* CountriesAndCapitalsObjC-Bridging-Header.h */,
			);
			path = "View Controller";
			sourceTree = "<group>";
		};
/* End PBXGroup section */

/* Begin PBXNativeTarget section */
		279D1B47239980F80071F686 /* CountriesAndCapitalsObjC */ = {
			isa = PBXNativeTarget;
			buildConfigurationList = 279D1B61239980F90071F686 /* Build configuration list for PBXNativeTarget "CountriesAndCapitalsObjC" */;
			buildPhases = (
				279D1B44239980F80071F686 /* Sources */,
				279D1B45239980F80071F686 /* Frameworks */,
				279D1B46239980F80071F686 /* Resources */,
			);
			buildRules = (
			);
			dependencies = (
			);
			name = CountriesAndCapitalsObjC;
			productName = CountriesAndCapitalsObjC;
			productReference = 279D1B48239980F80071F686 /* CountriesAndCapitalsObjC.app */;
			productType = "com.apple.product-type.application";
		};
/* End PBXNativeTarget section */

/* Begin PBXProject section */
		279D1B40239980F80071F686 /* Project object */ = {
			isa = PBXProject;
			attributes = {
				LastUpgradeCheck = 1120;
				ORGANIZATIONNAME = "Kyle Jennings";
				TargetAttributes = {
					279D1B47239980F80071F686 = {
						CreatedOnToolsVersion = 11.2.1;
						LastSwiftMigration = 1120;
					};
				};
			};
			buildConfigurationList = 279D1B43239980F80071F686 /* Build configuration list for PBXProject "CountriesAndCapitalsObjC" */;
			compatibilityVersion = "Xcode 9.3";
			developmentRegion = en;
			hasScannedForEncodings = 0;
			knownRegions = (
				en,
				Base,
			);
			mainGroup = 279D1B3F239980F80071F686;
			productRefGroup = 279D1B49239980F80071F686 /* Products */;
			projectDirPath = "";
			projectRoot = "";
			targets = (
				279D1B47239980F80071F686 /* CountriesAndCapitalsObjC */,
			);
		};
/* End PBXProject section */

/* Begin PBXResourcesBuildPhase section */
		279D1B46239980F80071F686 /* Resources */ = {
			isa = PBXResourcesBuildPhase;
			buildActionMask = 2147483647;
			files = (
				279D1B5B239980F90071F686 /* LaunchScreen.storyboard in Resources */,
				279D1B58239980F90071F686 /* Assets.xcassets in Resources */,
				279D1B56239980F80071F686 /* Main.storyboard in Resources */,
			);
			runOnlyForDeploymentPostprocessing = 0;
		};
/* End PBXResourcesBuildPhase section */

/* Begin PBXSourcesBuildPhase section */
		279D1B44239980F80071F686 /* Sources */ = {
			isa = PBXSourcesBuildPhase;
			buildActionMask = 2147483647;
			files = (
				279D1B6D239982250071F686 /* KPJCountryController.m in Sources */,
				279D1B6A2399814A0071F686 /* KPJCountry.m in Sources */,
				279D1B4D239980F80071F686 /* AppDelegate.m in Sources */,
				279D1B5E239980F90071F686 /* main.m in Sources */,
				279D1B50239980F80071F686 /* SceneDelegate.m in Sources */,
				279D1B71239985560071F686 /* CountryTableViewController.swift in Sources */,
			);
			runOnlyForDeploymentPostprocessing = 0;
		};
/* End PBXSourcesBuildPhase section */

/* Begin PBXVariantGroup section */
		279D1B54239980F80071F686 /* Main.storyboard */ = {
			isa = PBXVariantGroup;
			children = (
				279D1B55239980F80071F686 /* Base */,
			);
			name = Main.storyboard;
			sourceTree = "<group>";
		};
		279D1B59239980F90071F686 /* LaunchScreen.storyboard */ = {
			isa = PBXVariantGroup;
			children = (
				279D1B5A239980F90071F686 /* Base */,
			);
			name = LaunchScreen.storyboard;
			sourceTree = "<group>";
		};
/* End PBXVariantGroup section */

/* Begin XCBuildConfiguration section */
		279D1B5F239980F90071F686 /* Debug */ = {
			isa = XCBuildConfiguration;
			buildSettings = {
				ALWAYS_SEARCH_USER_PATHS = NO;
				CLANG_ANALYZER_NONNULL = YES;
				CLANG_ANALYZER_NUMBER_OBJECT_CONVERSION = YES_AGGRESSIVE;
				CLANG_CXX_LANGUAGE_STANDARD = "gnu++14";
				CLANG_CXX_LIBRARY = "libc++";
				CLANG_ENABLE_MODULES = YES;
				CLANG_ENABLE_OBJC_ARC = YES;
				CLANG_ENABLE_OBJC_WEAK = YES;
				CLANG_WARN_BLOCK_CAPTURE_AUTORELEASING = YES;
				CLANG_WARN_BOOL_CONVERSION = YES;
				CLANG_WARN_COMMA = YES;
				CLANG_WARN_CONSTANT_CONVERSION = YES;
				CLANG_WARN_DEPRECATED_OBJC_IMPLEMENTATIONS = YES;
				CLANG_WARN_DIRECT_OBJC_ISA_USAGE = YES_ERROR;
				CLANG_WARN_DOCUMENTATION_COMMENTS = YES;
				CLANG_WARN_EMPTY_BODY = YES;
				CLANG_WARN_ENUM_CONVERSION = YES;
				CLANG_WARN_INFINITE_RECURSION = YES;
				CLANG_WARN_INT_CONVERSION = YES;
				CLANG_WARN_NON_LITERAL_NULL_CONVERSION = YES;
				CLANG_WARN_OBJC_IMPLICIT_RETAIN_SELF = YES;
				CLANG_WARN_OBJC_LITERAL_CONVERSION = YES;
				CLANG_WARN_OBJC_ROOT_CLASS = YES_ERROR;
				CLANG_WARN_RANGE_LOOP_ANALYSIS = YES;
				CLANG_WARN_STRICT_PROTOTYPES = YES;
				CLANG_WARN_SUSPICIOUS_MOVE = YES;
				CLANG_WARN_UNGUARDED_AVAILABILITY = YES_AGGRESSIVE;
				CLANG_WARN_UNREACHABLE_CODE = YES;
				CLANG_WARN__DUPLICATE_METHOD_MATCH = YES;
				COPY_PHASE_STRIP = NO;
				DEBUG_INFORMATION_FORMAT = dwarf;
				ENABLE_STRICT_OBJC_MSGSEND = YES;
				ENABLE_TESTABILITY = YES;
				GCC_C_LANGUAGE_STANDARD = gnu11;
				GCC_DYNAMIC_NO_PIC = NO;
				GCC_NO_COMMON_BLOCKS = YES;
				GCC_OPTIMIZATION_LEVEL = 0;
				GCC_PREPROCESSOR_DEFINITIONS = (
					"DEBUG=1",
					"$(inherited)",
				);
				GCC_WARN_64_TO_32_BIT_CONVERSION = YES;
				GCC_WARN_ABOUT_RETURN_TYPE = YES_ERROR;
				GCC_WARN_UNDECLARED_SELECTOR = YES;
				GCC_WARN_UNINITIALIZED_AUTOS = YES_AGGRESSIVE;
				GCC_WARN_UNUSED_FUNCTION = YES;
				GCC_WARN_UNUSED_VARIABLE = YES;
				IPHONEOS_DEPLOYMENT_TARGET = 13.2;
				MTL_ENABLE_DEBUG_INFO = INCLUDE_SOURCE;
				MTL_FAST_MATH = YES;
				ONLY_ACTIVE_ARCH = YES;
				SDKROOT = iphoneos;
			};
			name = Debug;
		};
		279D1B60239980F90071F686 /* Release */ = {
			isa = XCBuildConfiguration;
			buildSettings = {
				ALWAYS_SEARCH_USER_PATHS = NO;
				CLANG_ANALYZER_NONNULL = YES;
				CLANG_ANALYZER_NUMBER_OBJECT_CONVERSION = YES_AGGRESSIVE;
				CLANG_CXX_LANGUAGE_STANDARD = "gnu++14";
				CLANG_CXX_LIBRARY = "libc++";
				CLANG_ENABLE_MODULES = YES;
				CLANG_ENABLE_OBJC_ARC = YES;
				CLANG_ENABLE_OBJC_WEAK = YES;
				CLANG_WARN_BLOCK_CAPTURE_AUTORELEASING = YES;
				CLANG_WARN_BOOL_CONVERSION = YES;
				CLANG_WARN_COMMA = YES;
				CLANG_WARN_CONSTANT_CONVERSION = YES;
				CLANG_WARN_DEPRECATED_OBJC_IMPLEMENTATIONS = YES;
				CLANG_WARN_DIRECT_OBJC_ISA_USAGE = YES_ERROR;
				CLANG_WARN_DOCUMENTATION_COMMENTS = YES;
				CLANG_WARN_EMPTY_BODY = YES;
				CLANG_WARN_ENUM_CONVERSION = YES;
				CLANG_WARN_INFINITE_RECURSION = YES;
				CLANG_WARN_INT_CONVERSION = YES;
				CLANG_WARN_NON_LITERAL_NULL_CONVERSION = YES;
				CLANG_WARN_OBJC_IMPLICIT_RETAIN_SELF = YES;
				CLANG_WARN_OBJC_LITERAL_CONVERSION = YES;
				CLANG_WARN_OBJC_ROOT_CLASS = YES_ERROR;
				CLANG_WARN_RANGE_LOOP_ANALYSIS = YES;
				CLANG_WARN_STRICT_PROTOTYPES = YES;
				CLANG_WARN_SUSPICIOUS_MOVE = YES;
				CLANG_WARN_UNGUARDED_AVAILABILITY = YES_AGGRESSIVE;
				CLANG_WARN_UNREACHABLE_CODE = YES;
				CLANG_WARN__DUPLICATE_METHOD_MATCH = YES;
				COPY_PHASE_STRIP = NO;
				DEBUG_INFORMATION_FORMAT = "dwarf-with-dsym";
				ENABLE_NS_ASSERTIONS = NO;
				ENABLE_STRICT_OBJC_MSGSEND = YES;
				GCC_C_LANGUAGE_STANDARD = gnu11;
				GCC_NO_COMMON_BLOCKS = YES;
				GCC_WARN_64_TO_32_BIT_CONVERSION = YES;
				GCC_WARN_ABOUT_RETURN_TYPE = YES_ERROR;
				GCC_WARN_UNDECLARED_SELECTOR = YES;
				GCC_WARN_UNINITIALIZED_AUTOS = YES_AGGRESSIVE;
				GCC_WARN_UNUSED_FUNCTION = YES;
				GCC_WARN_UNUSED_VARIABLE = YES;
				IPHONEOS_DEPLOYMENT_TARGET = 13.2;
				MTL_ENABLE_DEBUG_INFO = NO;
				MTL_FAST_MATH = YES;
				SDKROOT = iphoneos;
				VALIDATE_PRODUCT = YES;
			};
			name = Release;
		};
		279D1B62239980F90071F686 /* Debug */ = {
			isa = XCBuildConfiguration;
			buildSettings = {
				ASSETCATALOG_COMPILER_APPICON_NAME = AppIcon;
				CLANG_ENABLE_MODULES = YES;
				CODE_SIGN_STYLE = Automatic;
				DEVELOPMENT_TEAM = GGTDUJVMMT;
				INFOPLIST_FILE = CountriesAndCapitalsObjC/Resources/Info.plist;
				LD_RUNPATH_SEARCH_PATHS = (
					"$(inherited)",
					"@executable_path/Frameworks",
				);
				PRODUCT_BUNDLE_IDENTIFIER = com.kylejennings.CountriesAndCapitalsObjC;
				PRODUCT_NAME = "$(TARGET_NAME)";
				SWIFT_OBJC_BRIDGING_HEADER = "CountriesAndCapitalsObjC/View Controller/CountriesAndCapitalsObjC-Bridging-Header.h";
				SWIFT_OPTIMIZATION_LEVEL = "-Onone";
				SWIFT_VERSION = 5.0;
				TARGETED_DEVICE_FAMILY = "1,2";
			};
			name = Debug;
		};
		279D1B63239980F90071F686 /* Release */ = {
			isa = XCBuildConfiguration;
			buildSettings = {
				ASSETCATALOG_COMPILER_APPICON_NAME = AppIcon;
				CLANG_ENABLE_MODULES = YES;
				CODE_SIGN_STYLE = Automatic;
				DEVELOPMENT_TEAM = GGTDUJVMMT;
				INFOPLIST_FILE = CountriesAndCapitalsObjC/Resources/Info.plist;
				LD_RUNPATH_SEARCH_PATHS = (
					"$(inherited)",
					"@executable_path/Frameworks",
				);
				PRODUCT_BUNDLE_IDENTIFIER = com.kylejennings.CountriesAndCapitalsObjC;
				PRODUCT_NAME = "$(TARGET_NAME)";
				SWIFT_OBJC_BRIDGING_HEADER = "CountriesAndCapitalsObjC/View Controller/CountriesAndCapitalsObjC-Bridging-Header.h";
				SWIFT_VERSION = 5.0;
				TARGETED_DEVICE_FAMILY = "1,2";
			};
			name = Release;
		};
/* End XCBuildConfiguration section */

/* Begin XCConfigurationList section */
		279D1B43239980F80071F686 /* Build configuration list for PBXProject "CountriesAndCapitalsObjC" */ = {
			isa = XCConfigurationList;
			buildConfigurations = (
				279D1B5F239980F90071F686 /* Debug */,
				279D1B60239980F90071F686 /* Release */,
			);
			defaultConfigurationIsVisible = 0;
			defaultConfigurationName = Release;
		};
		279D1B61239980F90071F686 /* Build configuration list for PBXNativeTarget "CountriesAndCapitalsObjC" */ = {
			isa = XCConfigurationList;
			buildConfigurations = (
				279D1B62239980F90071F686 /* Debug */,
				279D1B63239980F90071F686 /* Release */,
			);
			defaultConfigurationIsVisible = 0;
			defaultConfigurationName = Release;
		};
/* End XCConfigurationList section */
	};
	rootObject = 279D1B40239980F80071F686 /* Project object */;
}
